// !$*UTF8*$!
{
	archiveVersion = 1;
	classes = {
	};
	objectVersion = 46;
	objects = {

/* Begin PBXBuildFile section */
		FC1121C219F0AF1E007DE3FA /* Foundation.framework in Frameworks */ = {isa = PBXBuildFile; fileRef = FC1121C119F0AF1E007DE3FA /* Foundation.framework */; };
		FC1121C419F0AF1E007DE3FA /* CoreGraphics.framework in Frameworks */ = {isa = PBXBuildFile; fileRef = FC1121C319F0AF1E007DE3FA /* CoreGraphics.framework */; };
		FC1121C619F0AF1E007DE3FA /* UIKit.framework in Frameworks */ = {isa = PBXBuildFile; fileRef = FC1121C519F0AF1E007DE3FA /* UIKit.framework */; };
		FC1121CC19F0AF1E007DE3FA /* InfoPlist.strings in Resources */ = {isa = PBXBuildFile; fileRef = FC1121CA19F0AF1E007DE3FA /* InfoPlist.strings */; };
		FC1121CE19F0AF1E007DE3FA /* main.m in Sources */ = {isa = PBXBuildFile; fileRef = FC1121CD19F0AF1E007DE3FA /* main.m */; };
		FC1121D219F0AF1E007DE3FA /* AppDelegate.m in Sources */ = {isa = PBXBuildFile; fileRef = FC1121D119F0AF1E007DE3FA /* AppDelegate.m */; };
		FC1121D519F0AF1E007DE3FA /* Main.storyboard in Resources */ = {isa = PBXBuildFile; fileRef = FC1121D319F0AF1E007DE3FA /* Main.storyboard */; };
		FC1121D819F0AF1E007DE3FA /* ViewController.m in Sources */ = {isa = PBXBuildFile; fileRef = FC1121D719F0AF1E007DE3FA /* ViewController.m */; };
		FC1121DA19F0AF1E007DE3FA /* Images.xcassets in Resources */ = {isa = PBXBuildFile; fileRef = FC1121D919F0AF1E007DE3FA /* Images.xcassets */; };
		FC1121E119F0AF1E007DE3FA /* XCTest.framework in Frameworks */ = {isa = PBXBuildFile; fileRef = FC1121E019F0AF1E007DE3FA /* XCTest.framework */; };
		FC1121E219F0AF1E007DE3FA /* Foundation.framework in Frameworks */ = {isa = PBXBuildFile; fileRef = FC1121C119F0AF1E007DE3FA /* Foundation.framework */; };
		FC1121E319F0AF1E007DE3FA /* UIKit.framework in Frameworks */ = {isa = PBXBuildFile; fileRef = FC1121C519F0AF1E007DE3FA /* UIKit.framework */; };
		FC1121EB19F0AF1E007DE3FA /* InfoPlist.strings in Resources */ = {isa = PBXBuildFile; fileRef = FC1121E919F0AF1E007DE3FA /* InfoPlist.strings */; };
		FC1121ED19F0AF1E007DE3FA /* switchTestTests.m in Sources */ = {isa = PBXBuildFile; fileRef = FC1121EC19F0AF1E007DE3FA /* switchTestTests.m */; };
		FC1121F819F0FC3E007DE3FA /* UISwitchCustom.m in Sources */ = {isa = PBXBuildFile; fileRef = FC1121F719F0FC3E007DE3FA /* UISwitchCustom.m */; };
/* End PBXBuildFile section */

/* Begin PBXContainerItemProxy section */
		FC1121E419F0AF1E007DE3FA /* PBXContainerItemProxy */ = {
			isa = PBXContainerItemProxy;
			containerPortal = FC1121B619F0AF1E007DE3FA /* Project object */;
			proxyType = 1;
			remoteGlobalIDString = FC1121BD19F0AF1E007DE3FA;
			remoteInfo = switchTest;
		};
/* End PBXContainerItemProxy section */

/* Begin PBXFileReference section */
		FC1121BE19F0AF1E007DE3FA /* switchTest.app */ = {isa = PBXFileReference; explicitFileType = wrapper.application; includeInIndex = 0; path = switchTest.app; sourceTree = BUILT_PRODUCTS_DIR; };
		FC1121C119F0AF1E007DE3FA /* Foundation.framework */ = {isa = PBXFileReference; lastKnownFileType = wrapper.framework; name = Foundation.framework; path = System/Library/Frameworks/Foundation.framework; sourceTree = SDKROOT; };
		FC1121C319F0AF1E007DE3FA /* CoreGraphics.framework */ = {isa = PBXFileReference; lastKnownFileType = wrapper.framework; name = CoreGraphics.framework; path = System/Library/Frameworks/CoreGraphics.framework; sourceTree = SDKROOT; };
		FC1121C519F0AF1E007DE3FA /* UIKit.framework */ = {isa = PBXFileReference; lastKnownFileType = wrapper.framework; name = UIKit.framework; path = System/Library/Frameworks/UIKit.framework; sourceTree = SDKROOT; };
		FC1121C919F0AF1E007DE3FA /* switchTest-Info.plist */ = {isa = PBXFileReference; lastKnownFileType = text.plist.xml; path = "switchTest-Info.plist"; sourceTree = "<group>"; };
		FC1121CB19F0AF1E007DE3FA /* en */ = {isa = PBXFileReference; lastKnownFileType = text.plist.strings; name = en; path = en.lproj/InfoPlist.strings; sourceTree = "<group>"; };
		FC1121CD19F0AF1E007DE3FA /* main.m */ = {isa = PBXFileReference; lastKnownFileType = sourcecode.c.objc; path = main.m; sourceTree = "<group>"; };
		FC1121CF19F0AF1E007DE3FA /* switchTest-Prefix.pch */ = {isa = PBXFileReference; lastKnownFileType = sourcecode.c.h; path = "switchTest-Prefix.pch"; sourceTree = "<group>"; };
		FC1121D019F0AF1E007DE3FA /* AppDelegate.h */ = {isa = PBXFileReference; lastKnownFileType = sourcecode.c.h; path = AppDelegate.h; sourceTree = "<group>"; };
		FC1121D119F0AF1E007DE3FA /* AppDelegate.m */ = {isa = PBXFileReference; lastKnownFileType = sourcecode.c.objc; path = AppDelegate.m; sourceTree = "<group>"; };
		FC1121D419F0AF1E007DE3FA /* Base */ = {isa = PBXFileReference; lastKnownFileType = file.storyboard; name = Base; path = Base.lproj/Main.storyboard; sourceTree = "<group>"; };
		FC1121D619F0AF1E007DE3FA /* ViewController.h */ = {isa = PBXFileReference; lastKnownFileType = sourcecode.c.h; path = ViewController.h; sourceTree = "<group>"; };
		FC1121D719F0AF1E007DE3FA /* ViewController.m */ = {isa = PBXFileReference; lastKnownFileType = sourcecode.c.objc; path = ViewController.m; sourceTree = "<group>"; };
		FC1121D919F0AF1E007DE3FA /* Images.xcassets */ = {isa = PBXFileReference; lastKnownFileType = folder.assetcatalog; path = Images.xcassets; sourceTree = "<group>"; };
		FC1121DF19F0AF1E007DE3FA /* switchTestTests.xctest */ = {isa = PBXFileReference; explicitFileType = wrapper.cfbundle; includeInIndex = 0; path = switchTestTests.xctest; sourceTree = BUILT_PRODUCTS_DIR; };
		FC1121E019F0AF1E007DE3FA /* XCTest.framework */ = {isa = PBXFileReference; lastKnownFileType = wrapper.framework; name = XCTest.framework; path = Library/Frameworks/XCTest.framework; sourceTree = DEVELOPER_DIR; };
		FC1121E819F0AF1E007DE3FA /* switchTestTests-Info.plist */ = {isa = PBXFileReference; lastKnownFileType = text.plist.xml; path = "switchTestTests-Info.plist"; sourceTree = "<group>"; };
		FC1121EA19F0AF1E007DE3FA /* en */ = {isa = PBXFileReference; lastKnownFileType = text.plist.strings; name = en; path = en.lproj/InfoPlist.strings; sourceTree = "<group>"; };
		FC1121EC19F0AF1E007DE3FA /* switchTestTests.m */ = {isa = PBXFileReference; lastKnownFileType = sourcecode.c.objc; path = switchTestTests.m; sourceTree = "<group>"; };
		FC1121F619F0FC3E007DE3FA /* UISwitchCustom.h */ = {isa = PBXFileReference; fileEncoding = 4; lastKnownFileType = sourcecode.c.h; name = UISwitchCustom.h; path = ../UISwitchCustom.h; sourceTree = "<group>"; };
		FC1121F719F0FC3E007DE3FA /* UISwitchCustom.m */ = {isa = PBXFileReference; fileEncoding = 4; lastKnownFileType = sourcecode.c.objc; name = UISwitchCustom.m; path = ../UISwitchCustom.m; sourceTree = "<group>"; };
/* End PBXFileReference section */

/* Begin PBXFrameworksBuildPhase section */
		FC1121BB19F0AF1E007DE3FA /* Frameworks */ = {
			isa = PBXFrameworksBuildPhase;
			buildActionMask = 2147483647;
			files = (
				FC1121C419F0AF1E007DE3FA /* CoreGraphics.framework in Frameworks */,
				FC1121C619F0AF1E007DE3FA /* UIKit.framework in Frameworks */,
				FC1121C219F0AF1E007DE3FA /* Foundation.framework in Frameworks */,
			);
			runOnlyForDeploymentPostprocessing = 0;
		};
		FC1121DC19F0AF1E007DE3FA /* Frameworks */ = {
			isa = PBXFrameworksBuildPhase;
			buildActionMask = 2147483647;
			files = (
				FC1121E119F0AF1E007DE3FA /* XCTest.framework in Frameworks */,
				FC1121E319F0AF1E007DE3FA /* UIKit.framework in Frameworks */,
				FC1121E219F0AF1E007DE3FA /* Foundation.framework in Frameworks */,
			);
			runOnlyForDeploymentPostprocessing = 0;
		};
/* End PBXFrameworksBuildPhase section */

/* Begin PBXGroup section */
		FC1121B519F0AF1E007DE3FA = {
			isa = PBXGroup;
			children = (
				FC1121C719F0AF1E007DE3FA /* switchTest */,
				FC1121E619F0AF1E007DE3FA /* switchTestTests */,
				FC1121C019F0AF1E007DE3FA /* Frameworks */,
				FC1121BF19F0AF1E007DE3FA /* Products */,
			);
			sourceTree = "<group>";
		};
		FC1121BF19F0AF1E007DE3FA /* Products */ = {
			isa = PBXGroup;
			children = (
				FC1121BE19F0AF1E007DE3FA /* switchTest.app */,
				FC1121DF19F0AF1E007DE3FA /* switchTestTests.xctest */,
			);
			name = Products;
			sourceTree = "<group>";
		};
		FC1121C019F0AF1E007DE3FA /* Frameworks */ = {
			isa = PBXGroup;
			children = (
				FC1121C119F0AF1E007DE3FA /* Foundation.framework */,
				FC1121C319F0AF1E007DE3FA /* CoreGraphics.framework */,
				FC1121C519F0AF1E007DE3FA /* UIKit.framework */,
				FC1121E019F0AF1E007DE3FA /* XCTest.framework */,
			);
			name = Frameworks;
			sourceTree = "<group>";
		};
		FC1121C719F0AF1E007DE3FA /* switchTest */ = {
			isa = PBXGroup;
			children = (
				FC1121F619F0FC3E007DE3FA /* UISwitchCustom.h */,
				FC1121F719F0FC3E007DE3FA /* UISwitchCustom.m */,
				FC1121D019F0AF1E007DE3FA /* AppDelegate.h */,
				FC1121D119F0AF1E007DE3FA /* AppDelegate.m */,
				FC1121D319F0AF1E007DE3FA /* Main.storyboard */,
				FC1121D619F0AF1E007DE3FA /* ViewController.h */,
				FC1121D719F0AF1E007DE3FA /* ViewController.m */,
				FC1121D919F0AF1E007DE3FA /* Images.xcassets */,
				FC1121C819F0AF1E007DE3FA /* Supporting Files */,
			);
			path = switchTest;
			sourceTree = "<group>";
		};
		FC1121C819F0AF1E007DE3FA /* Supporting Files */ = {
			isa = PBXGroup;
			children = (
				FC1121C919F0AF1E007DE3FA /* switchTest-Info.plist */,
				FC1121CA19F0AF1E007DE3FA /* InfoPlist.strings */,
				FC1121CD19F0AF1E007DE3FA /* main.m */,
				FC1121CF19F0AF1E007DE3FA /* switchTest-Prefix.pch */,
			);
			name = "Supporting Files";
			sourceTree = "<group>";
		};
		FC1121E619F0AF1E007DE3FA /* switchTestTests */ = {
			isa = PBXGroup;
			children = (
				FC1121EC19F0AF1E007DE3FA /* switchTestTests.m */,
				FC1121E719F0AF1E007DE3FA /* Supporting Files */,
			);
			path = switchTestTests;
			sourceTree = "<group>";
		};
		FC1121E719F0AF1E007DE3FA /* Supporting Files */ = {
			isa = PBXGroup;
			children = (
				FC1121E819F0AF1E007DE3FA /* switchTestTests-Info.plist */,
				FC1121E919F0AF1E007DE3FA /* InfoPlist.strings */,
			);
			name = "Supporting Files";
			sourceTree = "<group>";
		};
/* End PBXGroup section */

/* Begin PBXNativeTarget section */
		FC1121BD19F0AF1E007DE3FA /* switchTest */ = {
			isa = PBXNativeTarget;
			buildConfigurationList = FC1121F019F0AF1E007DE3FA /* Build configuration list for PBXNativeTarget "switchTest" */;
			buildPhases = (
				FC1121BA19F0AF1E007DE3FA /* Sources */,
				FC1121BB19F0AF1E007DE3FA /* Frameworks */,
				FC1121BC19F0AF1E007DE3FA /* Resources */,
			);
			buildRules = (
			);
			dependencies = (
			);
			name = switchTest;
			productName = switchTest;
			productReference = FC1121BE19F0AF1E007DE3FA /* switchTest.app */;
			productType = "com.apple.product-type.application";
		};
		FC1121DE19F0AF1E007DE3FA /* switchTestTests */ = {
			isa = PBXNativeTarget;
			buildConfigurationList = FC1121F319F0AF1E007DE3FA /* Build configuration list for PBXNativeTarget "switchTestTests" */;
			buildPhases = (
				FC1121DB19F0AF1E007DE3FA /* Sources */,
				FC1121DC19F0AF1E007DE3FA /* Frameworks */,
				FC1121DD19F0AF1E007DE3FA /* Resources */,
			);
			buildRules = (
			);
			dependencies = (
				FC1121E519F0AF1E007DE3FA /* PBXTargetDependency */,
			);
			name = switchTestTests;
			productName = switchTestTests;
			productReference = FC1121DF19F0AF1E007DE3FA /* switchTestTests.xctest */;
			productType = "com.apple.product-type.bundle.unit-test";
		};
/* End PBXNativeTarget section */

/* Begin PBXProject section */
		FC1121B619F0AF1E007DE3FA /* Project object */ = {
			isa = PBXProject;
			attributes = {
				LastUpgradeCheck = 0500;
				ORGANIZATIONNAME = "wangsl-iMac";
				TargetAttributes = {
					FC1121DE19F0AF1E007DE3FA = {
						TestTargetID = FC1121BD19F0AF1E007DE3FA;
					};
				};
			};
			buildConfigurationList = FC1121B919F0AF1E007DE3FA /* Build configuration list for PBXProject "switchTest" */;
			compatibilityVersion = "Xcode 3.2";
			developmentRegion = English;
			hasScannedForEncodings = 0;
			knownRegions = (
				en,
				Base,
			);
			mainGroup = FC1121B519F0AF1E007DE3FA;
			productRefGroup = FC1121BF19F0AF1E007DE3FA /* Products */;
			projectDirPath = "";
			projectRoot = "";
			targets = (
				FC1121BD19F0AF1E007DE3FA /* switchTest */,
				FC1121DE19F0AF1E007DE3FA /* switchTestTests */,
			);
		};
/* End PBXProject section */

/* Begin PBXResourcesBuildPhase section */
		FC1121BC19F0AF1E007DE3FA /* Resources */ = {
			isa = PBXResourcesBuildPhase;
			buildActionMask = 2147483647;
			files = (
				FC1121DA19F0AF1E007DE3FA /* Images.xcassets in Resources */,
				FC1121CC19F0AF1E007DE3FA /* InfoPlist.strings in Resources */,
				FC1121D519F0AF1E007DE3FA /* Main.storyboard in Resources */,
			);
			runOnlyForDeploymentPostprocessing = 0;
		};
		FC1121DD19F0AF1E007DE3FA /* Resources */ = {
			isa = PBXResourcesBuildPhase;
			buildActionMask = 2147483647;
			files = (
				FC1121EB19F0AF1E007DE3FA /* InfoPlist.strings in Resources */,
			);
			runOnlyForDeploymentPostprocessing = 0;
		};
/* End PBXResourcesBuildPhase section */

/* Begin PBXSourcesBuildPhase section */
		FC1121BA19F0AF1E007DE3FA /* Sources */ = {
			isa = PBXSourcesBuildPhase;
			buildActionMask = 2147483647;
			files = (
				FC1121D819F0AF1E007DE3FA /* ViewController.m in Sources */,
				FC1121D219F0AF1E007DE3FA /* AppDelegate.m in Sources */,
				FC1121F819F0FC3E007DE3FA /* UISwitchCustom.m in Sources */,
				FC1121CE19F0AF1E007DE3FA /* main.m in Sources */,
			);
			runOnlyForDeploymentPostprocessing = 0;
		};
		FC1121DB19F0AF1E007DE3FA /* Sources */ = {
			isa = PBXSourcesBuildPhase;
			buildActionMask = 2147483647;
			files = (
				FC1121ED19F0AF1E007DE3FA /* switchTestTests.m in Sources */,
			);
			runOnlyForDeploymentPostprocessing = 0;
		};
/* End PBXSourcesBuildPhase section */

/* Begin PBXTargetDependency section */
		FC1121E519F0AF1E007DE3FA /* PBXTargetDependency */ = {
			isa = PBXTargetDependency;
			target = FC1121BD19F0AF1E007DE3FA /* switchTest */;
			targetProxy = FC1121E419F0AF1E007DE3FA /* PBXContainerItemProxy */;
		};
/* End PBXTargetDependency section */

/* Begin PBXVariantGroup section */
		FC1121CA19F0AF1E007DE3FA /* InfoPlist.strings */ = {
			isa = PBXVariantGroup;
			children = (
				FC1121CB19F0AF1E007DE3FA /* en */,
			);
			name = InfoPlist.strings;
			sourceTree = "<group>";
		};
		FC1121D319F0AF1E007DE3FA /* Main.storyboard */ = {
			isa = PBXVariantGroup;
			children = (
				FC1121D419F0AF1E007DE3FA /* Base */,
			);
			name = Main.storyboard;
			sourceTree = "<group>";
		};
		FC1121E919F0AF1E007DE3FA /* InfoPlist.strings */ = {
			isa = PBXVariantGroup;
			children = (
				FC1121EA19F0AF1E007DE3FA /* en */,
			);
			name = InfoPlist.strings;
			sourceTree = "<group>";
		};
/* End PBXVariantGroup section */

/* Begin XCBuildConfiguration section */
		FC1121EE19F0AF1E007DE3FA /* Debug */ = {
			isa = XCBuildConfiguration;
			buildSettings = {
				ALWAYS_SEARCH_USER_PATHS = NO;
				ARCHS = "$(ARCHS_STANDARD_INCLUDING_64_BIT)";
				CLANG_CXX_LANGUAGE_STANDARD = "gnu++0x";
				CLANG_CXX_LIBRARY = "libc++";
				CLANG_ENABLE_MODULES = YES;
				CLANG_ENABLE_OBJC_ARC = YES;
				CLANG_WARN_BOOL_CONVERSION = YES;
				CLANG_WARN_CONSTANT_CONVERSION = YES;
				CLANG_WARN_DIRECT_OBJC_ISA_USAGE = YES_ERROR;
				CLANG_WARN_EMPTY_BODY = YES;
				CLANG_WARN_ENUM_CONVERSION = YES;
				CLANG_WARN_INT_CONVERSION = YES;
				CLANG_WARN_OBJC_ROOT_CLASS = YES_ERROR;
				CLANG_WARN__DUPLICATE_METHOD_MATCH = YES;
				"CODE_SIGN_IDENTITY[sdk=iphoneos*]" = "iPhone Developer";
				COPY_PHASE_STRIP = NO;
				GCC_C_LANGUAGE_STANDARD = gnu99;
				GCC_DYNAMIC_NO_PIC = NO;
				GCC_OPTIMIZATION_LEVEL = 0;
				GCC_PREPROCESSOR_DEFINITIONS = (
					"DEBUG=1",
					"$(inherited)",
				);
				GCC_SYMBOLS_PRIVATE_EXTERN = NO;
				GCC_WARN_64_TO_32_BIT_CONVERSION = YES;
				GCC_WARN_ABOUT_RETURN_TYPE = YES_ERROR;
				GCC_WARN_UNDECLARED_SELECTOR = YES;
				GCC_WARN_UNINITIALIZED_AUTOS = YES;
				GCC_WARN_UNUSED_FUNCTION = YES;
				GCC_WARN_UNUSED_VARIABLE = YES;
				IPHONEOS_DEPLOYMENT_TARGET = 7.0;
				ONLY_ACTIVE_ARCH = YES;
				SDKROOT = iphoneos;
			};
			name = Debug;
		};
		FC1121EF19F0AF1E007DE3FA /* Release */ = {
			isa = XCBuildConfiguration;
			buildSettings = {
				ALWAYS_SEARCH_USER_PATHS = NO;
				ARCHS = "$(ARCHS_STANDARD_INCLUDING_64_BIT)";
				CLANG_CXX_LANGUAGE_STANDARD = "gnu++0x";
				CLANG_CXX_LIBRARY = "libc++";
				CLANG_ENABLE_MODULES = YES;
				CLANG_ENABLE_OBJC_ARC = YES;
				CLANG_WARN_BOOL_CONVERSION = YES;
				CLANG_WARN_CONSTANT_CONVERSION = YES;
				CLANG_WARN_DIRECT_OBJC_ISA_USAGE = YES_ERROR;
				CLANG_WARN_EMPTY_BODY = YES;
				CLANG_WARN_ENUM_CONVERSION = YES;
				CLANG_WARN_INT_CONVERSION = YES;
				CLANG_WARN_OBJC_ROOT_CLASS = YES_ERROR;
				CLANG_WARN__DUPLICATE_METHOD_MATCH = YES;
				"CODE_SIGN_IDENTITY[sdk=iphoneos*]" = "iPhone Developer";
				COPY_PHASE_STRIP = YES;
				ENABLE_NS_ASSERTIONS = NO;
				GCC_C_LANGUAGE_STANDARD = gnu99;
				GCC_WARN_64_TO_32_BIT_CONVERSION = YES;
				GCC_WARN_ABOUT_RETURN_TYPE = YES_ERROR;
				GCC_WARN_UNDECLARED_SELECTOR = YES;
				GCC_WARN_UNINITIALIZED_AUTOS = YES;
				GCC_WARN_UNUSED_FUNCTION = YES;
				GCC_WARN_UNUSED_VARIABLE = YES;
				IPHONEOS_DEPLOYMENT_TARGET = 7.0;
				SDKROOT = iphoneos;
				VALIDATE_PRODUCT = YES;
			};
			name = Release;
		};
		FC1121F119F0AF1E007DE3FA /* Debug */ = {
			isa = XCBuildConfiguration;
			buildSettings = {
				ASSETCATALOG_COMPILER_APPICON_NAME = AppIcon;
				ASSETCATALOG_COMPILER_LAUNCHIMAGE_NAME = LaunchImage;
				GCC_PRECOMPILE_PREFIX_HEADER = YES;
				GCC_PREFIX_HEADER = "switchTest/switchTest-Prefix.pch";
				INFOPLIST_FILE = "switchTest/switchTest-Info.plist";
				PRODUCT_NAME = "$(TARGET_NAME)";
				WRAPPER_EXTENSION = app;
			};
			name = Debug;
		};
		FC1121F219F0AF1E007DE3FA /* Release */ = {
			isa = XCBuildConfiguration;
			buildSettings = {
				ASSETCATALOG_COMPILER_APPICON_NAME = AppIcon;
				ASSETCATALOG_COMPILER_LAUNCHIMAGE_NAME = LaunchImage;
				GCC_PRECOMPILE_PREFIX_HEADER = YES;
				GCC_PREFIX_HEADER = "switchTest/switchTest-Prefix.pch";
				INFOPLIST_FILE = "switchTest/switchTest-Info.plist";
				PRODUCT_NAME = "$(TARGET_NAME)";
				WRAPPER_EXTENSION = app;
			};
			name = Release;
		};
		FC1121F419F0AF1E007DE3FA /* Debug */ = {
			isa = XCBuildConfiguration;
			buildSettings = {
				ARCHS = "$(ARCHS_STANDARD_INCLUDING_64_BIT)";
				BUNDLE_LOADER = "$(BUILT_PRODUCTS_DIR)/switchTest.app/switchTest";
				FRAMEWORK_SEARCH_PATHS = (
					"$(SDKROOT)/Developer/Library/Frameworks",
					"$(inherited)",
					"$(DEVELOPER_FRAMEWORKS_DIR)",
				);
				GCC_PRECOMPILE_PREFIX_HEADER = YES;
				GCC_PREFIX_HEADER = "switchTest/switchTest-Prefix.pch";
				GCC_PREPROCESSOR_DEFINITIONS = (
					"DEBUG=1",
					"$(inherited)",
				);
				INFOPLIST_FILE = "switchTestTests/switchTestTests-Info.plist";
				PRODUCT_NAME = "$(TARGET_NAME)";
				TEST_HOST = "$(BUNDLE_LOADER)";
				WRAPPER_EXTENSION = xctest;
			};
			name = Debug;
		};
		FC1121F519F0AF1E007DE3FA /* Release */ = {
			isa = XCBuildConfiguration;
			buildSettings = {
				ARCHS = "$(ARCHS_STANDARD_INCLUDING_64_BIT)";
				BUNDLE_LOADER = "$(BUILT_PRODUCTS_DIR)/switchTest.app/switchTest";
				FRAMEWORK_SEARCH_PATHS = (
					"$(SDKROOT)/Developer/Library/Frameworks",
					"$(inherited)",
					"$(DEVELOPER_FRAMEWORKS_DIR)",
				);
				GCC_PRECOMPILE_PREFIX_HEADER = YES;
				GCC_PREFIX_HEADER = "switchTest/switchTest-Prefix.pch";
				INFOPLIST_FILE = "switchTestTests/switchTestTests-Info.plist";
				PRODUCT_NAME = "$(TARGET_NAME)";
				TEST_HOST = "$(BUNDLE_LOADER)";
				WRAPPER_EXTENSION = xctest;
			};
			name = Release;
		};
/* End XCBuildConfiguration section */

/* Begin XCConfigurationList section */
		FC1121B919F0AF1E007DE3FA /* Build configuration list for PBXProject "switchTest" */ = {
			isa = XCConfigurationList;
			buildConfigurations = (
				FC1121EE19F0AF1E007DE3FA /* Debug */,
				FC1121EF19F0AF1E007DE3FA /* Release */,
			);
			defaultConfigurationIsVisible = 0;
			defaultConfigurationName = Release;
		};
		FC1121F019F0AF1E007DE3FA /* Build configuration list for PBXNativeTarget "switchTest" */ = {
			isa = XCConfigurationList;
			buildConfigurations = (
				FC1121F119F0AF1E007DE3FA /* Debug */,
				FC1121F219F0AF1E007DE3FA /* Release */,
			);
			defaultConfigurationIsVisible = 0;
		};
		FC1121F319F0AF1E007DE3FA /* Build configuration list for PBXNativeTarget "switchTestTests" */ = {
			isa = XCConfigurationList;
			buildConfigurations = (
				FC1121F419F0AF1E007DE3FA /* Debug */,
				FC1121F519F0AF1E007DE3FA /* Release */,
			);
			defaultConfigurationIsVisible = 0;
		};
/* End XCConfigurationList section */
	};
	rootObject = FC1121B619F0AF1E007DE3FA /* Project object */;
}
